
Microsoft Visual Studio Solution File, Format Version 12.00
# Visual Studio Version 16
VisualStudioVersion = 16.0.32510.428
MinimumVisualStudioVersion = 10.0.40219.1
Project("{2150E333-8FDC-42A3-9474-1A3956D46DE8}") = "Backend", "Backend", "{349A87B6-643C-4426-9ED8-D1C7B310E271}"
EndProject
Project("{2150E333-8FDC-42A3-9474-1A3956D46DE8}") = "Frontend", "Frontend", "{E960C1ED-9E98-41E5-AE45-405A922BAEA0}"
EndProject
Project("{9A19103F-16F7-4668-BE54-9A1E7A4F7556}") = "Shop.Common", "Shop.Common\Shop.Common.csproj", "{F6359557-E51A-4745-9F1E-7269B049A119}"
EndProject
Project("{FAE04EC0-301F-11D3-BF4B-00C04F79EFBC}") = "Shop.Web", "Shop.Web\Shop.Web.csproj", "{C5AA14D2-34C3-4AAE-B68D-6D0216B04C0E}"
EndProject
Global
	GlobalSection(SolutionConfigurationPlatforms) = preSolution
		Debug|Any CPU = Debug|Any CPU
		Release|Any CPU = Release|Any CPU
	EndGlobalSection
	GlobalSection(ProjectConfigurationPlatforms) = postSolution
		{F6359557-E51A-4745-9F1E-7269B049A119}.Debug|Any CPU.ActiveCfg = Debug|Any CPU
		{F6359557-E51A-4745-9F1E-7269B049A119}.Debug|Any CPU.Build.0 = Debug|Any CPU
		{F6359557-E51A-4745-9F1E-7269B049A119}.Release|Any CPU.ActiveCfg = Release|Any CPU
		{F6359557-E51A-4745-9F1E-7269B049A119}.Release|Any CPU.Build.0 = Release|Any CPU
		{C5AA14D2-34C3-4AAE-B68D-6D0216B04C0E}.Debug|Any CPU.ActiveCfg = Debug|Any CPU
		{C5AA14D2-34C3-4AAE-B68D-6D0216B04C0E}.Debug|Any CPU.Build.0 = Debug|Any CPU
		{C5AA14D2-34C3-4AAE-B68D-6D0216B04C0E}.Release|Any CPU.ActiveCfg = Release|Any CPU
		{C5AA14D2-34C3-4AAE-B68D-6D0216B04C0E}.Release|Any CPU.Build.0 = Release|Any CPU
	EndGlobalSection
	GlobalSection(SolutionProperties) = preSolution
		HideSolutionNode = FALSE
	EndGlobalSection
	GlobalSection(NestedProjects) = preSolution
		{C5AA14D2-34C3-4AAE-B68D-6D0216B04C0E} = {349A87B6-643C-4426-9ED8-D1C7B310E271}
	EndGlobalSection
	GlobalSection(ExtensibilityGlobals) = postSolution
		SolutionGuid = {B02EF212-0D2A-4D32-82E1-E65F1DDAB221}
	EndGlobalSection
EndGlobal
